// !$*UTF8*$!
{
	archiveVersion = 1;
	classes = {
	};
	objectVersion = 56;
	objects = {

/* Begin PBXBuildFile section */
		3F9F13FC2A3D04C300A87F47 /* AppDelegate.swift in Sources */ = {isa = PBXBuildFile; fileRef = 3F9F13FB2A3D04C300A87F47 /* AppDelegate.swift */; };
		3F9F13FE2A3D04C300A87F47 /* SceneDelegate.swift in Sources */ = {isa = PBXBuildFile; fileRef = 3F9F13FD2A3D04C300A87F47 /* SceneDelegate.swift */; };
		3F9F14002A3D04C300A87F47 /* ViewController.swift in Sources */ = {isa = PBXBuildFile; fileRef = 3F9F13FF2A3D04C300A87F47 /* ViewController.swift */; };
		3F9F14032A3D04C300A87F47 /* Main.storyboard in Resources */ = {isa = PBXBuildFile; fileRef = 3F9F14012A3D04C300A87F47 /* Main.storyboard */; };
		3F9F14052A3D04C400A87F47 /* Assets.xcassets in Resources */ = {isa = PBXBuildFile; fileRef = 3F9F14042A3D04C400A87F47 /* Assets.xcassets */; };
		3F9F14082A3D04C400A87F47 /* LaunchScreen.storyboard in Resources */ = {isa = PBXBuildFile; fileRef = 3F9F14062A3D04C400A87F47 /* LaunchScreen.storyboard */; };
		3F9F14132A3D04C500A87F47 /* I_am_RichTests.swift in Sources */ = {isa = PBXBuildFile; fileRef = 3F9F14122A3D04C500A87F47 /* I_am_RichTests.swift */; };
		3F9F141D2A3D04C500A87F47 /* I_am_RichUITests.swift in Sources */ = {isa = PBXBuildFile; fileRef = 3F9F141C2A3D04C500A87F47 /* I_am_RichUITests.swift */; };
		3F9F141F2A3D04C500A87F47 /* I_am_RichUITestsLaunchTests.swift in Sources */ = {isa = PBXBuildFile; fileRef = 3F9F141E2A3D04C500A87F47 /* I_am_RichUITestsLaunchTests.swift */; };
/* End PBXBuildFile section */

/* Begin PBXContainerItemProxy section */
		3F9F140F2A3D04C500A87F47 /* PBXContainerItemProxy */ = {
			isa = PBXContainerItemProxy;
			containerPortal = 3F9F13F02A3D04C300A87F47 /* Project object */;
			proxyType = 1;
			remoteGlobalIDString = 3F9F13F72A3D04C300A87F47;
			remoteInfo = "I am Rich";
		};
		3F9F14192A3D04C500A87F47 /* PBXContainerItemProxy */ = {
			isa = PBXContainerItemProxy;
			containerPortal = 3F9F13F02A3D04C300A87F47 /* Project object */;
			proxyType = 1;
			remoteGlobalIDString = 3F9F13F72A3D04C300A87F47;
			remoteInfo = "I am Rich";
		};
/* End PBXContainerItemProxy section */

/* Begin PBXFileReference section */
		3F9F13F82A3D04C300A87F47 /* I am Rich.app */ = {isa = PBXFileReference; explicitFileType = wrapper.application; includeInIndex = 0; path = "I am Rich.app"; sourceTree = BUILT_PRODUCTS_DIR; };
		3F9F13FB2A3D04C300A87F47 /* AppDelegate.swift */ = {isa = PBXFileReference; lastKnownFileType = sourcecode.swift; path = AppDelegate.swift; sourceTree = "<group>"; };
		3F9F13FD2A3D04C300A87F47 /* SceneDelegate.swift */ = {isa = PBXFileReference; lastKnownFileType = sourcecode.swift; path = SceneDelegate.swift; sourceTree = "<group>"; };
		3F9F13FF2A3D04C300A87F47 /* ViewController.swift */ = {isa = PBXFileReference; lastKnownFileType = sourcecode.swift; path = ViewController.swift; sourceTree = "<group>"; };
		3F9F14022A3D04C300A87F47 /* Base */ = {isa = PBXFileReference; lastKnownFileType = file.storyboard; name = Base; path = Base.lproj/Main.storyboard; sourceTree = "<group>"; };
		3F9F14042A3D04C400A87F47 /* Assets.xcassets */ = {isa = PBXFileReference; lastKnownFileType = folder.assetcatalog; path = Assets.xcassets; sourceTree = "<group>"; };
		3F9F14072A3D04C400A87F47 /* Base */ = {isa = PBXFileReference; lastKnownFileType = file.storyboard; name = Base; path = Base.lproj/LaunchScreen.storyboard; sourceTree = "<group>"; };
		3F9F14092A3D04C400A87F47 /* Info.plist */ = {isa = PBXFileReference; lastKnownFileType = text.plist.xml; path = Info.plist; sourceTree = "<group>"; };
		3F9F140E2A3D04C500A87F47 /* I am RichTests.xctest */ = {isa = PBXFileReference; explicitFileType = wrapper.cfbundle; includeInIndex = 0; path = "I am RichTests.xctest"; sourceTree = BUILT_PRODUCTS_DIR; };
		3F9F14122A3D04C500A87F47 /* I_am_RichTests.swift */ = {isa = PBXFileReference; lastKnownFileType = sourcecode.swift; path = I_am_RichTests.swift; sourceTree = "<group>"; };
		3F9F14182A3D04C500A87F47 /* I am RichUITests.xctest */ = {isa = PBXFileReference; explicitFileType = wrapper.cfbundle; includeInIndex = 0; path = "I am RichUITests.xctest"; sourceTree = BUILT_PRODUCTS_DIR; };
		3F9F141C2A3D04C500A87F47 /* I_am_RichUITests.swift */ = {isa = PBXFileReference; lastKnownFileType = sourcecode.swift; path = I_am_RichUITests.swift; sourceTree = "<group>"; };
		3F9F141E2A3D04C500A87F47 /* I_am_RichUITestsLaunchTests.swift */ = {isa = PBXFileReference; lastKnownFileType = sourcecode.swift; path = I_am_RichUITestsLaunchTests.swift; sourceTree = "<group>"; };
/* End PBXFileReference section */

/* Begin PBXFrameworksBuildPhase section */
		3F9F13F52A3D04C300A87F47 /* Frameworks */ = {
			isa = PBXFrameworksBuildPhase;
			buildActionMask = 2147483647;
			files = (
			);
			runOnlyForDeploymentPostprocessing = 0;
		};
		3F9F140B2A3D04C500A87F47 /* Frameworks */ = {
			isa = PBXFrameworksBuildPhase;
			buildActionMask = 2147483647;
			files = (
			);
			runOnlyForDeploymentPostprocessing = 0;
		};
		3F9F14152A3D04C500A87F47 /* Frameworks */ = {
			isa = PBXFrameworksBuildPhase;
			buildActionMask = 2147483647;
			files = (
			);
			runOnlyForDeploymentPostprocessing = 0;
		};
/* End PBXFrameworksBuildPhase section */

/* Begin PBXGroup section */
		3F9F13EF2A3D04C300A87F47 = {
			isa = PBXGroup;
			children = (
				3F9F13FA2A3D04C300A87F47 /* I am Rich */,
				3F9F14112A3D04C500A87F47 /* I am RichTests */,
				3F9F141B2A3D04C500A87F47 /* I am RichUITests */,
				3F9F13F92A3D04C300A87F47 /* Products */,
			);
			sourceTree = "<group>";
		};
		3F9F13F92A3D04C300A87F47 /* Products */ = {
			isa = PBXGroup;
			children = (
				3F9F13F82A3D04C300A87F47 /* I am Rich.app */,
				3F9F140E2A3D04C500A87F47 /* I am RichTests.xctest */,
				3F9F14182A3D04C500A87F47 /* I am RichUITests.xctest */,
			);
			name = Products;
			sourceTree = "<group>";
		};
		3F9F13FA2A3D04C300A87F47 /* I am Rich */ = {
			isa = PBXGroup;
			children = (
				3F9F13FB2A3D04C300A87F47 /* AppDelegate.swift */,
				3F9F13FD2A3D04C300A87F47 /* SceneDelegate.swift */,
				3F9F13FF2A3D04C300A87F47 /* ViewController.swift */,
				3F9F14012A3D04C300A87F47 /* Main.storyboard */,
				3F9F14042A3D04C400A87F47 /* Assets.xcassets */,
				3F9F14062A3D04C400A87F47 /* LaunchScreen.storyboard */,
				3F9F14092A3D04C400A87F47 /* Info.plist */,
			);
			path = "I am Rich";
			sourceTree = "<group>";
		};
		3F9F14112A3D04C500A87F47 /* I am RichTests */ = {
			isa = PBXGroup;
			children = (
				3F9F14122A3D04C500A87F47 /* I_am_RichTests.swift */,
			);
			path = "I am RichTests";
			sourceTree = "<group>";
		};
		3F9F141B2A3D04C500A87F47 /* I am RichUITests */ = {
			isa = PBXGroup;
			children = (
				3F9F141C2A3D04C500A87F47 /* I_am_RichUITests.swift */,
				3F9F141E2A3D04C500A87F47 /* I_am_RichUITestsLaunchTests.swift */,
			);
			path = "I am RichUITests";
			sourceTree = "<group>";
		};
/* End PBXGroup section */

/* Begin PBXNativeTarget section */
		3F9F13F72A3D04C300A87F47 /* I am Rich */ = {
			isa = PBXNativeTarget;
			buildConfigurationList = 3F9F14222A3D04C500A87F47 /* Build configuration list for PBXNativeTarget "I am Rich" */;
			buildPhases = (
				3F9F13F42A3D04C300A87F47 /* Sources */,
				3F9F13F52A3D04C300A87F47 /* Frameworks */,
				3F9F13F62A3D04C300A87F47 /* Resources */,
			);
			buildRules = (
			);
			dependencies = (
			);
			name = "I am Rich";
			productName = "I am Rich";
			productReference = 3F9F13F82A3D04C300A87F47 /* I am Rich.app */;
			productType = "com.apple.product-type.application";
		};
		3F9F140D2A3D04C500A87F47 /* I am RichTests */ = {
			isa = PBXNativeTarget;
			buildConfigurationList = 3F9F14252A3D04C500A87F47 /* Build configuration list for PBXNativeTarget "I am RichTests" */;
			buildPhases = (
				3F9F140A2A3D04C500A87F47 /* Sources */,
				3F9F140B2A3D04C500A87F47 /* Frameworks */,
				3F9F140C2A3D04C500A87F47 /* Resources */,
			);
			buildRules = (
			);
			dependencies = (
				3F9F14102A3D04C500A87F47 /* PBXTargetDependency */,
			);
			name = "I am RichTests";
			productName = "I am RichTests";
			productReference = 3F9F140E2A3D04C500A87F47 /* I am RichTests.xctest */;
			productType = "com.apple.product-type.bundle.unit-test";
		};
		3F9F14172A3D04C500A87F47 /* I am RichUITests */ = {
			isa = PBXNativeTarget;
			buildConfigurationList = 3F9F14282A3D04C500A87F47 /* Build configuration list for PBXNativeTarget "I am RichUITests" */;
			buildPhases = (
				3F9F14142A3D04C500A87F47 /* Sources */,
				3F9F14152A3D04C500A87F47 /* Frameworks */,
				3F9F14162A3D04C500A87F47 /* Resources */,
			);
			buildRules = (
			);
			dependencies = (
				3F9F141A2A3D04C500A87F47 /* PBXTargetDependency */,
			);
			name = "I am RichUITests";
			productName = "I am RichUITests";
			productReference = 3F9F14182A3D04C500A87F47 /* I am RichUITests.xctest */;
			productType = "com.apple.product-type.bundle.ui-testing";
		};
/* End PBXNativeTarget section */

/* Begin PBXProject section */
		3F9F13F02A3D04C300A87F47 /* Project object */ = {
			isa = PBXProject;
			attributes = {
				BuildIndependentTargetsInParallel = 1;
				LastSwiftUpdateCheck = 1420;
				LastUpgradeCheck = 1420;
				TargetAttributes = {
					3F9F13F72A3D04C300A87F47 = {
						CreatedOnToolsVersion = 14.2;
					};
					3F9F140D2A3D04C500A87F47 = {
						CreatedOnToolsVersion = 14.2;
						TestTargetID = 3F9F13F72A3D04C300A87F47;
					};
					3F9F14172A3D04C500A87F47 = {
						CreatedOnToolsVersion = 14.2;
						TestTargetID = 3F9F13F72A3D04C300A87F47;
					};
				};
			};
			buildConfigurationList = 3F9F13F32A3D04C300A87F47 /* Build configuration list for PBXProject "I am Rich" */;
			compatibilityVersion = "Xcode 14.0";
			developmentRegion = en;
			hasScannedForEncodings = 0;
			knownRegions = (
				en,
				Base,
			);
			mainGroup = 3F9F13EF2A3D04C300A87F47;
			productRefGroup = 3F9F13F92A3D04C300A87F47 /* Products */;
			projectDirPath = "";
			projectRoot = "";
			targets = (
				3F9F13F72A3D04C300A87F47 /* I am Rich */,
				3F9F140D2A3D04C500A87F47 /* I am RichTests */,
				3F9F14172A3D04C500A87F47 /* I am RichUITests */,
			);
		};
/* End PBXProject section */

/* Begin PBXResourcesBuildPhase section */
		3F9F13F62A3D04C300A87F47 /* Resources */ = {
			isa = PBXResourcesBuildPhase;
			buildActionMask = 2147483647;
			files = (
				3F9F14082A3D04C400A87F47 /* LaunchScreen.storyboard in Resources */,
				3F9F14052A3D04C400A87F47 /* Assets.xcassets in Resources */,
				3F9F14032A3D04C300A87F47 /* Main.storyboard in Resources */,
			);
			runOnlyForDeploymentPostprocessing = 0;
		};
		3F9F140C2A3D04C500A87F47 /* Resources */ = {
			isa = PBXResourcesBuildPhase;
			buildActionMask = 2147483647;
			files = (
			);
			runOnlyForDeploymentPostprocessing = 0;
		};
		3F9F14162A3D04C500A87F47 /* Resources */ = {
			isa = PBXResourcesBuildPhase;
			buildActionMask = 2147483647;
			files = (
			);
			runOnlyForDeploymentPostprocessing = 0;
		};
/* End PBXResourcesBuildPhase section */

/* Begin PBXSourcesBuildPhase section */
		3F9F13F42A3D04C300A87F47 /* Sources */ = {
			isa = PBXSourcesBuildPhase;
			buildActionMask = 2147483647;
			files = (
				3F9F14002A3D04C300A87F47 /* ViewController.swift in Sources */,
				3F9F13FC2A3D04C300A87F47 /* AppDelegate.swift in Sources */,
				3F9F13FE2A3D04C300A87F47 /* SceneDelegate.swift in Sources */,
			);
			runOnlyForDeploymentPostprocessing = 0;
		};
		3F9F140A2A3D04C500A87F47 /* Sources */ = {
			isa = PBXSourcesBuildPhase;
			buildActionMask = 2147483647;
			files = (
				3F9F14132A3D04C500A87F47 /* I_am_RichTests.swift in Sources */,
			);
			runOnlyForDeploymentPostprocessing = 0;
		};
		3F9F14142A3D04C500A87F47 /* Sources */ = {
			isa = PBXSourcesBuildPhase;
			buildActionMask = 2147483647;
			files = (
				3F9F141F2A3D04C500A87F47 /* I_am_RichUITestsLaunchTests.swift in Sources */,
				3F9F141D2A3D04C500A87F47 /* I_am_RichUITests.swift in Sources */,
			);
			runOnlyForDeploymentPostprocessing = 0;
		};
/* End PBXSourcesBuildPhase section */

/* Begin PBXTargetDependency section */
		3F9F14102A3D04C500A87F47 /* PBXTargetDependency */ = {
			isa = PBXTargetDependency;
			target = 3F9F13F72A3D04C300A87F47 /* I am Rich */;
			targetProxy = 3F9F140F2A3D04C500A87F47 /* PBXContainerItemProxy */;
		};
		3F9F141A2A3D04C500A87F47 /* PBXTargetDependency */ = {
			isa = PBXTargetDependency;
			target = 3F9F13F72A3D04C300A87F47 /* I am Rich */;
			targetProxy = 3F9F14192A3D04C500A87F47 /* PBXContainerItemProxy */;
		};
/* End PBXTargetDependency section */

/* Begin PBXVariantGroup section */
		3F9F14012A3D04C300A87F47 /* Main.storyboard */ = {
			isa = PBXVariantGroup;
			children = (
				3F9F14022A3D04C300A87F47 /* Base */,
			);
			name = Main.storyboard;
			sourceTree = "<group>";
		};
		3F9F14062A3D04C400A87F47 /* LaunchScreen.storyboard */ = {
			isa = PBXVariantGroup;
			children = (
				3F9F14072A3D04C400A87F47 /* Base */,
			);
			name = LaunchScreen.storyboard;
			sourceTree = "<group>";
		};
/* End PBXVariantGroup section */

/* Begin XCBuildConfiguration section */
		3F9F14202A3D04C500A87F47 /* Debug */ = {
			isa = XCBuildConfiguration;
			buildSettings = {
				ALWAYS_SEARCH_USER_PATHS = NO;
				CLANG_ANALYZER_NONNULL = YES;
				CLANG_ANALYZER_NUMBER_OBJECT_CONVERSION = YES_AGGRESSIVE;
				CLANG_CXX_LANGUAGE_STANDARD = "gnu++20";
				CLANG_ENABLE_MODULES = YES;
				CLANG_ENABLE_OBJC_ARC = YES;
				CLANG_ENABLE_OBJC_WEAK = YES;
				CLANG_WARN_BLOCK_CAPTURE_AUTORELEASING = YES;
				CLANG_WARN_BOOL_CONVERSION = YES;
				CLANG_WARN_COMMA = YES;
				CLANG_WARN_CONSTANT_CONVERSION = YES;
				CLANG_WARN_DEPRECATED_OBJC_IMPLEMENTATIONS = YES;
				CLANG_WARN_DIRECT_OBJC_ISA_USAGE = YES_ERROR;
				CLANG_WARN_DOCUMENTATION_COMMENTS = YES;
				CLANG_WARN_EMPTY_BODY = YES;
				CLANG_WARN_ENUM_CONVERSION = YES;
				CLANG_WARN_INFINITE_RECURSION = YES;
				CLANG_WARN_INT_CONVERSION = YES;
				CLANG_WARN_NON_LITERAL_NULL_CONVERSION = YES;
				CLANG_WARN_OBJC_IMPLICIT_RETAIN_SELF = YES;
				CLANG_WARN_OBJC_LITERAL_CONVERSION = YES;
				CLANG_WARN_OBJC_ROOT_CLASS = YES_ERROR;
				CLANG_WARN_QUOTED_INCLUDE_IN_FRAMEWORK_HEADER = YES;
				CLANG_WARN_RANGE_LOOP_ANALYSIS = YES;
				CLANG_WARN_STRICT_PROTOTYPES = YES;
				CLANG_WARN_SUSPICIOUS_MOVE = YES;
				CLANG_WARN_UNGUARDED_AVAILABILITY = YES_AGGRESSIVE;
				CLANG_WARN_UNREACHABLE_CODE = YES;
				CLANG_WARN__DUPLICATE_METHOD_MATCH = YES;
				COPY_PHASE_STRIP = NO;
				DEBUG_INFORMATION_FORMAT = dwarf;
				ENABLE_STRICT_OBJC_MSGSEND = YES;
				ENABLE_TESTABILITY = YES;
				GCC_C_LANGUAGE_STANDARD = gnu11;
				GCC_DYNAMIC_NO_PIC = NO;
				GCC_NO_COMMON_BLOCKS = YES;
				GCC_OPTIMIZATION_LEVEL = 0;
				GCC_PREPROCESSOR_DEFINITIONS = (
					"DEBUG=1",
					"$(inherited)",
				);
				GCC_WARN_64_TO_32_BIT_CONVERSION = YES;
				GCC_WARN_ABOUT_RETURN_TYPE = YES_ERROR;
				GCC_WARN_UNDECLARED_SELECTOR = YES;
				GCC_WARN_UNINITIALIZED_AUTOS = YES_AGGRESSIVE;
				GCC_WARN_UNUSED_FUNCTION = YES;
				GCC_WARN_UNUSED_VARIABLE = YES;
				IPHONEOS_DEPLOYMENT_TARGET = 16.2;
				MTL_ENABLE_DEBUG_INFO = INCLUDE_SOURCE;
				MTL_FAST_MATH = YES;
				ONLY_ACTIVE_ARCH = YES;
				SDKROOT = iphoneos;
				SWIFT_ACTIVE_COMPILATION_CONDITIONS = DEBUG;
				SWIFT_OPTIMIZATION_LEVEL = "-Onone";
			};
			name = Debug;
		};
		3F9F14212A3D04C500A87F47 /* Release */ = {
			isa = XCBuildConfiguration;
			buildSettings = {
				ALWAYS_SEARCH_USER_PATHS = NO;
				CLANG_ANALYZER_NONNULL = YES;
				CLANG_ANALYZER_NUMBER_OBJECT_CONVERSION = YES_AGGRESSIVE;
				CLANG_CXX_LANGUAGE_STANDARD = "gnu++20";
				CLANG_ENABLE_MODULES = YES;
				CLANG_ENABLE_OBJC_ARC = YES;
				CLANG_ENABLE_OBJC_WEAK = YES;
				CLANG_WARN_BLOCK_CAPTURE_AUTORELEASING = YES;
				CLANG_WARN_BOOL_CONVERSION = YES;
				CLANG_WARN_COMMA = YES;
				CLANG_WARN_CONSTANT_CONVERSION = YES;
				CLANG_WARN_DEPRECATED_OBJC_IMPLEMENTATIONS = YES;
				CLANG_WARN_DIRECT_OBJC_ISA_USAGE = YES_ERROR;
				CLANG_WARN_DOCUMENTATION_COMMENTS = YES;
				CLANG_WARN_EMPTY_BODY = YES;
				CLANG_WARN_ENUM_CONVERSION = YES;
				CLANG_WARN_INFINITE_RECURSION = YES;
				CLANG_WARN_INT_CONVERSION = YES;
				CLANG_WARN_NON_LITERAL_NULL_CONVERSION = YES;
				CLANG_WARN_OBJC_IMPLICIT_RETAIN_SELF = YES;
				CLANG_WARN_OBJC_LITERAL_CONVERSION = YES;
				CLANG_WARN_OBJC_ROOT_CLASS = YES_ERROR;
				CLANG_WARN_QUOTED_INCLUDE_IN_FRAMEWORK_HEADER = YES;
				CLANG_WARN_RANGE_LOOP_ANALYSIS = YES;
				CLANG_WARN_STRICT_PROTOTYPES = YES;
				CLANG_WARN_SUSPICIOUS_MOVE = YES;
				CLANG_WARN_UNGUARDED_AVAILABILITY = YES_AGGRESSIVE;
				CLANG_WARN_UNREACHABLE_CODE = YES;
				CLANG_WARN__DUPLICATE_METHOD_MATCH = YES;
				COPY_PHASE_STRIP = NO;
				DEBUG_INFORMATION_FORMAT = "dwarf-with-dsym";
				ENABLE_NS_ASSERTIONS = NO;
				ENABLE_STRICT_OBJC_MSGSEND = YES;
				GCC_C_LANGUAGE_STANDARD = gnu11;
				GCC_NO_COMMON_BLOCKS = YES;
				GCC_WARN_64_TO_32_BIT_CONVERSION = YES;
				GCC_WARN_ABOUT_RETURN_TYPE = YES_ERROR;
				GCC_WARN_UNDECLARED_SELECTOR = YES;
				GCC_WARN_UNINITIALIZED_AUTOS = YES_AGGRESSIVE;
				GCC_WARN_UNUSED_FUNCTION = YES;
				GCC_WARN_UNUSED_VARIABLE = YES;
				IPHONEOS_DEPLOYMENT_TARGET = 16.2;
				MTL_ENABLE_DEBUG_INFO = NO;
				MTL_FAST_MATH = YES;
				SDKROOT = iphoneos;
				SWIFT_COMPILATION_MODE = wholemodule;
				SWIFT_OPTIMIZATION_LEVEL = "-O";
				VALIDATE_PRODUCT = YES;
			};
			name = Release;
		};
		3F9F14232A3D04C500A87F47 /* Debug */ = {
			isa = XCBuildConfiguration;
			buildSettings = {
				ASSETCATALOG_COMPILER_APPICON_NAME = AppIcon;
				ASSETCATALOG_COMPILER_GLOBAL_ACCENT_COLOR_NAME = AccentColor;
				CODE_SIGN_STYLE = Automatic;
				CURRENT_PROJECT_VERSION = 1;
				DEVELOPMENT_TEAM = 58N57W7T77;
				GENERATE_INFOPLIST_FILE = YES;
				INFOPLIST_FILE = "I am Rich/Info.plist";
				INFOPLIST_KEY_UIApplicationSupportsIndirectInputEvents = YES;
				INFOPLIST_KEY_UILaunchStoryboardName = LaunchScreen;
				INFOPLIST_KEY_UIMainStoryboardFile = Main;
				INFOPLIST_KEY_UISupportedInterfaceOrientations_iPad = "UIInterfaceOrientationPortrait UIInterfaceOrientationPortraitUpsideDown UIInterfaceOrientationLandscapeLeft UIInterfaceOrientationLandscapeRight";
				INFOPLIST_KEY_UISupportedInterfaceOrientations_iPhone = "UIInterfaceOrientationPortrait UIInterfaceOrientationLandscapeLeft UIInterfaceOrientationLandscapeRight";
				LD_RUNPATH_SEARCH_PATHS = (
					"$(inherited)",
					"@executable_path/Frameworks",
				);
				MARKETING_VERSION = 1.0;
				PRODUCT_BUNDLE_IDENTIFIER = "com.lanamiranda.I-am-Rich";
				PRODUCT_NAME = "$(TARGET_NAME)";
				SWIFT_EMIT_LOC_STRINGS = YES;
				SWIFT_VERSION = 5.0;
				TARGETED_DEVICE_FAMILY = "1,2";
			};
			name = Debug;
		};
		3F9F14242A3D04C500A87F47 /* Release */ = {
			isa = XCBuildConfiguration;
			buildSettings = {
				ASSETCATALOG_COMPILER_APPICON_NAME = AppIcon;
				ASSETCATALOG_COMPILER_GLOBAL_ACCENT_COLOR_NAME = AccentColor;
				CODE_SIGN_STYLE = Automatic;
				CURRENT_PROJECT_VERSION = 1;
				DEVELOPMENT_TEAM = 58N57W7T77;
				GENERATE_INFOPLIST_FILE = YES;
				INFOPLIST_FILE = "I am Rich/Info.plist";
				INFOPLIST_KEY_UIApplicationSupportsIndirectInputEvents = YES;
				INFOPLIST_KEY_UILaunchStoryboardName = LaunchScreen;
				INFOPLIST_KEY_UIMainStoryboardFile = Main;
				INFOPLIST_KEY_UISupportedInterfaceOrientations_iPad = "UIInterfaceOrientationPortrait UIInterfaceOrientationPortraitUpsideDown UIInterfaceOrientationLandscapeLeft UIInterfaceOrientationLandscapeRight";
				INFOPLIST_KEY_UISupportedInterfaceOrientations_iPhone = "UIInterfaceOrientationPortrait UIInterfaceOrientationLandscapeLeft UIInterfaceOrientationLandscapeRight";
				LD_RUNPATH_SEARCH_PATHS = (
					"$(inherited)",
					"@executable_path/Frameworks",
				);
				MARKETING_VERSION = 1.0;
				PRODUCT_BUNDLE_IDENTIFIER = "com.lanamiranda.I-am-Rich";
				PRODUCT_NAME = "$(TARGET_NAME)";
				SWIFT_EMIT_LOC_STRINGS = YES;
				SWIFT_VERSION = 5.0;
				TARGETED_DEVICE_FAMILY = "1,2";
			};
			name = Release;
		};
		3F9F14262A3D04C500A87F47 /* Debug */ = {
			isa = XCBuildConfiguration;
			buildSettings = {
				ALWAYS_EMBED_SWIFT_STANDARD_LIBRARIES = YES;
				BUNDLE_LOADER = "$(TEST_HOST)";
				CODE_SIGN_STYLE = Automatic;
				CURRENT_PROJECT_VERSION = 1;
				GENERATE_INFOPLIST_FILE = YES;
				IPHONEOS_DEPLOYMENT_TARGET = 16.2;
				MARKETING_VERSION = 1.0;
				PRODUCT_BUNDLE_IDENTIFIER = "com.lanamiranda.I-am-RichTests";
				PRODUCT_NAME = "$(TARGET_NAME)";
				SWIFT_EMIT_LOC_STRINGS = NO;
				SWIFT_VERSION = 5.0;
				TARGETED_DEVICE_FAMILY = "1,2";
				TEST_HOST = "$(BUILT_PRODUCTS_DIR)/I am Rich.app/$(BUNDLE_EXECUTABLE_FOLDER_PATH)/I am Rich";
			};
			name = Debug;
		};
		3F9F14272A3D04C500A87F47 /* Release */ = {
			isa = XCBuildConfiguration;
			buildSettings = {
				ALWAYS_EMBED_SWIFT_STANDARD_LIBRARIES = YES;
				BUNDLE_LOADER = "$(TEST_HOST)";
				CODE_SIGN_STYLE = Automatic;
				CURRENT_PROJECT_VERSION = 1;
				GENERATE_INFOPLIST_FILE = YES;
				IPHONEOS_DEPLOYMENT_TARGET = 16.2;
				MARKETING_VERSION = 1.0;
				PRODUCT_BUNDLE_IDENTIFIER = "com.lanamiranda.I-am-RichTests";
				PRODUCT_NAME = "$(TARGET_NAME)";
				SWIFT_EMIT_LOC_STRINGS = NO;
				SWIFT_VERSION = 5.0;
				TARGETED_DEVICE_FAMILY = "1,2";
				TEST_HOST = "$(BUILT_PRODUCTS_DIR)/I am Rich.app/$(BUNDLE_EXECUTABLE_FOLDER_PATH)/I am Rich";
			};
			name = Release;
		};
		3F9F14292A3D04C500A87F47 /* Debug */ = {
			isa = XCBuildConfiguration;
			buildSettings = {
				ALWAYS_EMBED_SWIFT_STANDARD_LIBRARIES = YES;
				CODE_SIGN_STYLE = Automatic;
				CURRENT_PROJECT_VERSION = 1;
				GENERATE_INFOPLIST_FILE = YES;
				MARKETING_VERSION = 1.0;
				PRODUCT_BUNDLE_IDENTIFIER = "com.lanamiranda.I-am-RichUITests";
				PRODUCT_NAME = "$(TARGET_NAME)";
				SWIFT_EMIT_LOC_STRINGS = NO;
				SWIFT_VERSION = 5.0;
				TARGETED_DEVICE_FAMILY = "1,2";
				TEST_TARGET_NAME = "I am Rich";
			};
			name = Debug;
		};
		3F9F142A2A3D04C500A87F47 /* Release */ = {
			isa = XCBuildConfiguration;
			buildSettings = {
				ALWAYS_EMBED_SWIFT_STANDARD_LIBRARIES = YES;
				CODE_SIGN_STYLE = Automatic;
				CURRENT_PROJECT_VERSION = 1;
				GENERATE_INFOPLIST_FILE = YES;
				MARKETING_VERSION = 1.0;
				PRODUCT_BUNDLE_IDENTIFIER = "com.lanamiranda.I-am-RichUITests";
				PRODUCT_NAME = "$(TARGET_NAME)";
				SWIFT_EMIT_LOC_STRINGS = NO;
				SWIFT_VERSION = 5.0;
				TARGETED_DEVICE_FAMILY = "1,2";
				TEST_TARGET_NAME = "I am Rich";
			};
			name = Release;
		};
/* End XCBuildConfiguration section */

/* Begin XCConfigurationList section */
		3F9F13F32A3D04C300A87F47 /* Build configuration list for PBXProject "I am Rich" */ = {
			isa = XCConfigurationList;
			buildConfigurations = (
				3F9F14202A3D04C500A87F47 /* Debug */,
				3F9F14212A3D04C500A87F47 /* Release */,
			);
			defaultConfigurationIsVisible = 0;
			defaultConfigurationName = Release;
		};
		3F9F14222A3D04C500A87F47 /* Build configuration list for PBXNativeTarget "I am Rich" */ = {
			isa = XCConfigurationList;
			buildConfigurations = (
				3F9F14232A3D04C500A87F47 /* Debug */,
				3F9F14242A3D04C500A87F47 /* Release */,
			);
			defaultConfigurationIsVisible = 0;
			defaultConfigurationName = Release;
		};
		3F9F14252A3D04C500A87F47 /* Build configuration list for PBXNativeTarget "I am RichTests" */ = {
			isa = XCConfigurationList;
			buildConfigurations = (
				3F9F14262A3D04C500A87F47 /* Debug */,
				3F9F14272A3D04C500A87F47 /* Release */,
			);
			defaultConfigurationIsVisible = 0;
			defaultConfigurationName = Release;
		};
		3F9F14282A3D04C500A87F47 /* Build configuration list for PBXNativeTarget "I am RichUITests" */ = {
			isa = XCConfigurationList;
			buildConfigurations = (
				3F9F14292A3D04C500A87F47 /* Debug */,
				3F9F142A2A3D04C500A87F47 /* Release */,
			);
			defaultConfigurationIsVisible = 0;
			defaultConfigurationName = Release;
		};
/* End XCConfigurationList section */
	};
	rootObject = 3F9F13F02A3D04C300A87F47 /* Project object */;
}
